// !$*UTF8*$!
{
	archiveVersion = 1;
	classes = {
	};
	objectVersion = 46;
	objects = {

/* Begin PBXBuildFile section */
		3DD91E751B6D267300F11D67 /* AppDelegate.swift in Sources */ = {isa = PBXBuildFile; fileRef = 3DD91E741B6D267300F11D67 /* AppDelegate.swift */; };
		3DD91E781B6D267300F11D67 /* espresso_moments.xcdatamodeld in Sources */ = {isa = PBXBuildFile; fileRef = 3DD91E761B6D267300F11D67 /* espresso_moments.xcdatamodeld */; };
		3DD91E7A1B6D267300F11D67 /* ViewController.swift in Sources */ = {isa = PBXBuildFile; fileRef = 3DD91E791B6D267300F11D67 /* ViewController.swift */; };
		3DD91E7D1B6D267300F11D67 /* Main.storyboard in Resources */ = {isa = PBXBuildFile; fileRef = 3DD91E7B1B6D267300F11D67 /* Main.storyboard */; };
		3DD91E7F1B6D267300F11D67 /* Images.xcassets in Resources */ = {isa = PBXBuildFile; fileRef = 3DD91E7E1B6D267300F11D67 /* Images.xcassets */; };
		3DD91E821B6D267300F11D67 /* LaunchScreen.xib in Resources */ = {isa = PBXBuildFile; fileRef = 3DD91E801B6D267300F11D67 /* LaunchScreen.xib */; };
		3DD91E8E1B6D267300F11D67 /* espresso_momentsTests.swift in Sources */ = {isa = PBXBuildFile; fileRef = 3DD91E8D1B6D267300F11D67 /* espresso_momentsTests.swift */; };
/* End PBXBuildFile section */

/* Begin PBXContainerItemProxy section */
		3DD91E881B6D267300F11D67 /* PBXContainerItemProxy */ = {
			isa = PBXContainerItemProxy;
			containerPortal = 3DD91E671B6D267300F11D67 /* Project object */;
			proxyType = 1;
			remoteGlobalIDString = 3DD91E6E1B6D267300F11D67;
			remoteInfo = espresso_moments;
		};
/* End PBXContainerItemProxy section */

/* Begin PBXFileReference section */
		3DD91E6F1B6D267300F11D67 /* espresso_moments.app */ = {isa = PBXFileReference; explicitFileType = wrapper.application; includeInIndex = 0; path = espresso_moments.app; sourceTree = BUILT_PRODUCTS_DIR; };
		3DD91E731B6D267300F11D67 /* Info.plist */ = {isa = PBXFileReference; lastKnownFileType = text.plist.xml; path = Info.plist; sourceTree = "<group>"; };
		3DD91E741B6D267300F11D67 /* AppDelegate.swift */ = {isa = PBXFileReference; lastKnownFileType = sourcecode.swift; path = AppDelegate.swift; sourceTree = "<group>"; };
		3DD91E771B6D267300F11D67 /* espresso_moments.xcdatamodel */ = {isa = PBXFileReference; lastKnownFileType = wrapper.xcdatamodel; path = espresso_moments.xcdatamodel; sourceTree = "<group>"; };
		3DD91E791B6D267300F11D67 /* ViewController.swift */ = {isa = PBXFileReference; lastKnownFileType = sourcecode.swift; path = ViewController.swift; sourceTree = "<group>"; };
		3DD91E7C1B6D267300F11D67 /* Base */ = {isa = PBXFileReference; lastKnownFileType = file.storyboard; name = Base; path = Base.lproj/Main.storyboard; sourceTree = "<group>"; };
		3DD91E7E1B6D267300F11D67 /* Images.xcassets */ = {isa = PBXFileReference; lastKnownFileType = folder.assetcatalog; path = Images.xcassets; sourceTree = "<group>"; };
		3DD91E811B6D267300F11D67 /* Base */ = {isa = PBXFileReference; lastKnownFileType = file.xib; name = Base; path = Base.lproj/LaunchScreen.xib; sourceTree = "<group>"; };
		3DD91E871B6D267300F11D67 /* espresso_momentsTests.xctest */ = {isa = PBXFileReference; explicitFileType = wrapper.cfbundle; includeInIndex = 0; path = espresso_momentsTests.xctest; sourceTree = BUILT_PRODUCTS_DIR; };
		3DD91E8C1B6D267300F11D67 /* Info.plist */ = {isa = PBXFileReference; lastKnownFileType = text.plist.xml; path = Info.plist; sourceTree = "<group>"; };
		3DD91E8D1B6D267300F11D67 /* espresso_momentsTests.swift */ = {isa = PBXFileReference; lastKnownFileType = sourcecode.swift; path = espresso_momentsTests.swift; sourceTree = "<group>"; };
/* End PBXFileReference section */

/* Begin PBXFrameworksBuildPhase section */
		3DD91E6C1B6D267300F11D67 /* Frameworks */ = {
			isa = PBXFrameworksBuildPhase;
			buildActionMask = 2147483647;
			files = (
			);
			runOnlyForDeploymentPostprocessing = 0;
		};
		3DD91E841B6D267300F11D67 /* Frameworks */ = {
			isa = PBXFrameworksBuildPhase;
			buildActionMask = 2147483647;
			files = (
			);
			runOnlyForDeploymentPostprocessing = 0;
		};
/* End PBXFrameworksBuildPhase section */

/* Begin PBXGroup section */
		3DD91E661B6D267300F11D67 = {
			isa = PBXGroup;
			children = (
				3DD91E711B6D267300F11D67 /* espresso_moments */,
				3DD91E8A1B6D267300F11D67 /* espresso_momentsTests */,
				3DD91E701B6D267300F11D67 /* Products */,
			);
			sourceTree = "<group>";
		};
		3DD91E701B6D267300F11D67 /* Products */ = {
			isa = PBXGroup;
			children = (
				3DD91E6F1B6D267300F11D67 /* espresso_moments.app */,
				3DD91E871B6D267300F11D67 /* espresso_momentsTests.xctest */,
			);
			name = Products;
			sourceTree = "<group>";
		};
		3DD91E711B6D267300F11D67 /* espresso_moments */ = {
			isa = PBXGroup;
			children = (
				3DD91E741B6D267300F11D67 /* AppDelegate.swift */,
				3DD91E791B6D267300F11D67 /* ViewController.swift */,
				3DD91E7B1B6D267300F11D67 /* Main.storyboard */,
				3DD91E7E1B6D267300F11D67 /* Images.xcassets */,
				3DD91E801B6D267300F11D67 /* LaunchScreen.xib */,
				3DD91E761B6D267300F11D67 /* espresso_moments.xcdatamodeld */,
				3DD91E721B6D267300F11D67 /* Supporting Files */,
			);
			path = espresso_moments;
			sourceTree = "<group>";
		};
		3DD91E721B6D267300F11D67 /* Supporting Files */ = {
			isa = PBXGroup;
			children = (
				3DD91E731B6D267300F11D67 /* Info.plist */,
			);
			name = "Supporting Files";
			sourceTree = "<group>";
		};
		3DD91E8A1B6D267300F11D67 /* espresso_momentsTests */ = {
			isa = PBXGroup;
			children = (
				3DD91E8D1B6D267300F11D67 /* espresso_momentsTests.swift */,
				3DD91E8B1B6D267300F11D67 /* Supporting Files */,
			);
			path = espresso_momentsTests;
			sourceTree = "<group>";
		};
		3DD91E8B1B6D267300F11D67 /* Supporting Files */ = {
			isa = PBXGroup;
			children = (
				3DD91E8C1B6D267300F11D67 /* Info.plist */,
			);
			name = "Supporting Files";
			sourceTree = "<group>";
		};
/* End PBXGroup section */

/* Begin PBXNativeTarget section */
		3DD91E6E1B6D267300F11D67 /* espresso_moments */ = {
			isa = PBXNativeTarget;
			buildConfigurationList = 3DD91E911B6D267300F11D67 /* Build configuration list for PBXNativeTarget "espresso_moments" */;
			buildPhases = (
				3DD91E6B1B6D267300F11D67 /* Sources */,
				3DD91E6C1B6D267300F11D67 /* Frameworks */,
				3DD91E6D1B6D267300F11D67 /* Resources */,
			);
			buildRules = (
			);
			dependencies = (
			);
			name = espresso_moments;
			productName = espresso_moments;
			productReference = 3DD91E6F1B6D267300F11D67 /* espresso_moments.app */;
			productType = "com.apple.product-type.application";
		};
		3DD91E861B6D267300F11D67 /* espresso_momentsTests */ = {
			isa = PBXNativeTarget;
			buildConfigurationList = 3DD91E941B6D267300F11D67 /* Build configuration list for PBXNativeTarget "espresso_momentsTests" */;
			buildPhases = (
				3DD91E831B6D267300F11D67 /* Sources */,
				3DD91E841B6D267300F11D67 /* Frameworks */,
				3DD91E851B6D267300F11D67 /* Resources */,
			);
			buildRules = (
			);
			dependencies = (
				3DD91E891B6D267300F11D67 /* PBXTargetDependency */,
			);
			name = espresso_momentsTests;
			productName = espresso_momentsTests;
			productReference = 3DD91E871B6D267300F11D67 /* espresso_momentsTests.xctest */;
			productType = "com.apple.product-type.bundle.unit-test";
		};
/* End PBXNativeTarget section */

/* Begin PBXProject section */
		3DD91E671B6D267300F11D67 /* Project object */ = {
			isa = PBXProject;
			attributes = {
				LastUpgradeCheck = 0640;
				ORGANIZATIONNAME = Harvard;
				TargetAttributes = {
					3DD91E6E1B6D267300F11D67 = {
						CreatedOnToolsVersion = 6.4;
					};
					3DD91E861B6D267300F11D67 = {
						CreatedOnToolsVersion = 6.4;
						TestTargetID = 3DD91E6E1B6D267300F11D67;
					};
				};
			};
			buildConfigurationList = 3DD91E6A1B6D267300F11D67 /* Build configuration list for PBXProject "espresso_moments" */;
			compatibilityVersion = "Xcode 3.2";
			developmentRegion = English;
			hasScannedForEncodings = 0;
			knownRegions = (
				en,
				Base,
			);
			mainGroup = 3DD91E661B6D267300F11D67;
			productRefGroup = 3DD91E701B6D267300F11D67 /* Products */;
			projectDirPath = "";
			projectRoot = "";
			targets = (
				3DD91E6E1B6D267300F11D67 /* espresso_moments */,
				3DD91E861B6D267300F11D67 /* espresso_momentsTests */,
			);
		};
/* End PBXProject section */

/* Begin PBXResourcesBuildPhase section */
		3DD91E6D1B6D267300F11D67 /* Resources */ = {
			isa = PBXResourcesBuildPhase;
			buildActionMask = 2147483647;
			files = (
				3DD91E7D1B6D267300F11D67 /* Main.storyboard in Resources */,
				3DD91E821B6D267300F11D67 /* LaunchScreen.xib in Resources */,
				3DD91E7F1B6D267300F11D67 /* Images.xcassets in Resources */,
			);
			runOnlyForDeploymentPostprocessing = 0;
		};
		3DD91E851B6D267300F11D67 /* Resources */ = {
			isa = PBXResourcesBuildPhase;
			buildActionMask = 2147483647;
			files = (
			);
			runOnlyForDeploymentPostprocessing = 0;
		};
/* End PBXResourcesBuildPhase section */

/* Begin PBXSourcesBuildPhase section */
		3DD91E6B1B6D267300F11D67 /* Sources */ = {
			isa = PBXSourcesBuildPhase;
			buildActionMask = 2147483647;
			files = (
				3DD91E7A1B6D267300F11D67 /* ViewController.swift in Sources */,
				3DD91E751B6D267300F11D67 /* AppDelegate.swift in Sources */,
				3DD91E781B6D267300F11D67 /* espresso_moments.xcdatamodeld in Sources */,
			);
			runOnlyForDeploymentPostprocessing = 0;
		};
		3DD91E831B6D267300F11D67 /* Sources */ = {
			isa = PBXSourcesBuildPhase;
			buildActionMask = 2147483647;
			files = (
				3DD91E8E1B6D267300F11D67 /* espresso_momentsTests.swift in Sources */,
			);
			runOnlyForDeploymentPostprocessing = 0;
		};
/* End PBXSourcesBuildPhase section */

/* Begin PBXTargetDependency section */
		3DD91E891B6D267300F11D67 /* PBXTargetDependency */ = {
			isa = PBXTargetDependency;
			target = 3DD91E6E1B6D267300F11D67 /* espresso_moments */;
			targetProxy = 3DD91E881B6D267300F11D67 /* PBXContainerItemProxy */;
		};
/* End PBXTargetDependency section */

/* Begin PBXVariantGroup section */
		3DD91E7B1B6D267300F11D67 /* Main.storyboard */ = {
			isa = PBXVariantGroup;
			children = (
				3DD91E7C1B6D267300F11D67 /* Base */,
			);
			name = Main.storyboard;
			sourceTree = "<group>";
		};
		3DD91E801B6D267300F11D67 /* LaunchScreen.xib */ = {
			isa = PBXVariantGroup;
			children = (
				3DD91E811B6D267300F11D67 /* Base */,
			);
			name = LaunchScreen.xib;
			sourceTree = "<group>";
		};
/* End PBXVariantGroup section */

/* Begin XCBuildConfiguration section */
		3DD91E8F1B6D267300F11D67 /* Debug */ = {
			isa = XCBuildConfiguration;
			buildSettings = {
				ALWAYS_SEARCH_USER_PATHS = NO;
				CLANG_CXX_LANGUAGE_STANDARD = "gnu++0x";
				CLANG_CXX_LIBRARY = "libc++";
				CLANG_ENABLE_MODULES = YES;
				CLANG_ENABLE_OBJC_ARC = YES;
				CLANG_WARN_BOOL_CONVERSION = YES;
				CLANG_WARN_CONSTANT_CONVERSION = YES;
				CLANG_WARN_DIRECT_OBJC_ISA_USAGE = YES_ERROR;
				CLANG_WARN_EMPTY_BODY = YES;
				CLANG_WARN_ENUM_CONVERSION = YES;
				CLANG_WARN_INT_CONVERSION = YES;
				CLANG_WARN_OBJC_ROOT_CLASS = YES_ERROR;
				CLANG_WARN_UNREACHABLE_CODE = YES;
				CLANG_WARN__DUPLICATE_METHOD_MATCH = YES;
				"CODE_SIGN_IDENTITY[sdk=iphoneos*]" = "iPhone Developer";
				COPY_PHASE_STRIP = NO;
				DEBUG_INFORMATION_FORMAT = "dwarf-with-dsym";
				ENABLE_STRICT_OBJC_MSGSEND = YES;
				GCC_C_LANGUAGE_STANDARD = gnu99;
				GCC_DYNAMIC_NO_PIC = NO;
				GCC_NO_COMMON_BLOCKS = YES;
				GCC_OPTIMIZATION_LEVEL = 0;
				GCC_PREPROCESSOR_DEFINITIONS = (
					"DEBUG=1",
					"$(inherited)",
				);
				GCC_SYMBOLS_PRIVATE_EXTERN = NO;
				GCC_WARN_64_TO_32_BIT_CONVERSION = YES;
				GCC_WARN_ABOUT_RETURN_TYPE = YES_ERROR;
				GCC_WARN_UNDECLARED_SELECTOR = YES;
				GCC_WARN_UNINITIALIZED_AUTOS = YES_AGGRESSIVE;
				GCC_WARN_UNUSED_FUNCTION = YES;
				GCC_WARN_UNUSED_VARIABLE = YES;
				IPHONEOS_DEPLOYMENT_TARGET = 8.4;
				MTL_ENABLE_DEBUG_INFO = YES;
				ONLY_ACTIVE_ARCH = YES;
				SDKROOT = iphoneos;
				SWIFT_OPTIMIZATION_LEVEL = "-Onone";
			};
			name = Debug;
		};
		3DD91E901B6D267300F11D67 /* Release */ = {
			isa = XCBuildConfiguration;
			buildSettings = {
				ALWAYS_SEARCH_USER_PATHS = NO;
				CLANG_CXX_LANGUAGE_STANDARD = "gnu++0x";
				CLANG_CXX_LIBRARY = "libc++";
				CLANG_ENABLE_MODULES = YES;
				CLANG_ENABLE_OBJC_ARC = YES;
				CLANG_WARN_BOOL_CONVERSION = YES;
				CLANG_WARN_CONSTANT_CONVERSION = YES;
				CLANG_WARN_DIRECT_OBJC_ISA_USAGE = YES_ERROR;
				CLANG_WARN_EMPTY_BODY = YES;
				CLANG_WARN_ENUM_CONVERSION = YES;
				CLANG_WARN_INT_CONVERSION = YES;
				CLANG_WARN_OBJC_ROOT_CLASS = YES_ERROR;
				CLANG_WARN_UNREACHABLE_CODE = YES;
				CLANG_WARN__DUPLICATE_METHOD_MATCH = YES;
				"CODE_SIGN_IDENTITY[sdk=iphoneos*]" = "iPhone Developer";
				COPY_PHASE_STRIP = NO;
				DEBUG_INFORMATION_FORMAT = "dwarf-with-dsym";
				ENABLE_NS_ASSERTIONS = NO;
				ENABLE_STRICT_OBJC_MSGSEND = YES;
				GCC_C_LANGUAGE_STANDARD = gnu99;
				GCC_NO_COMMON_BLOCKS = YES;
				GCC_WARN_64_TO_32_BIT_CONVERSION = YES;
				GCC_WARN_ABOUT_RETURN_TYPE = YES_ERROR;
				GCC_WARN_UNDECLARED_SELECTOR = YES;
				GCC_WARN_UNINITIALIZED_AUTOS = YES_AGGRESSIVE;
				GCC_WARN_UNUSED_FUNCTION = YES;
				GCC_WARN_UNUSED_VARIABLE = YES;
				IPHONEOS_DEPLOYMENT_TARGET = 8.4;
				MTL_ENABLE_DEBUG_INFO = NO;
				SDKROOT = iphoneos;
				VALIDATE_PRODUCT = YES;
			};
			name = Release;
		};
		3DD91E921B6D267300F11D67 /* Debug */ = {
			isa = XCBuildConfiguration;
			buildSettings = {
				ASSETCATALOG_COMPILER_APPICON_NAME = AppIcon;
				INFOPLIST_FILE = espresso_moments/Info.plist;
				LD_RUNPATH_SEARCH_PATHS = "$(inherited) @executable_path/Frameworks";
				PRODUCT_NAME = "$(TARGET_NAME)";
			};
			name = Debug;
		};
		3DD91E931B6D267300F11D67 /* Release */ = {
			isa = XCBuildConfiguration;
			buildSettings = {
				ASSETCATALOG_COMPILER_APPICON_NAME = AppIcon;
				INFOPLIST_FILE = espresso_moments/Info.plist;
				LD_RUNPATH_SEARCH_PATHS = "$(inherited) @executable_path/Frameworks";
				PRODUCT_NAME = "$(TARGET_NAME)";
			};
			name = Release;
		};
		3DD91E951B6D267300F11D67 /* Debug */ = {
			isa = XCBuildConfiguration;
			buildSettings = {
				BUNDLE_LOADER = "$(TEST_HOST)";
				FRAMEWORK_SEARCH_PATHS = (
					"$(SDKROOT)/Developer/Library/Frameworks",
					"$(inherited)",
				);
				GCC_PREPROCESSOR_DEFINITIONS = (
					"DEBUG=1",
					"$(inherited)",
				);
				INFOPLIST_FILE = espresso_momentsTests/Info.plist;
				LD_RUNPATH_SEARCH_PATHS = "$(inherited) @executable_path/Frameworks @loader_path/Frameworks";
				PRODUCT_NAME = "$(TARGET_NAME)";
				TEST_HOST = "$(BUILT_PRODUCTS_DIR)/espresso_moments.app/espresso_moments";
			};
			name = Debug;
		};
		3DD91E961B6D267300F11D67 /* Release */ = {
			isa = XCBuildConfiguration;
			buildSettings = {
				BUNDLE_LOADER = "$(TEST_HOST)";
				FRAMEWORK_SEARCH_PATHS = (
					"$(SDKROOT)/Developer/Library/Frameworks",
					"$(inherited)",
				);
				INFOPLIST_FILE = espresso_momentsTests/Info.plist;
				LD_RUNPATH_SEARCH_PATHS = "$(inherited) @executable_path/Frameworks @loader_path/Frameworks";
				PRODUCT_NAME = "$(TARGET_NAME)";
				TEST_HOST = "$(BUILT_PRODUCTS_DIR)/espresso_moments.app/espresso_moments";
			};
			name = Release;
		};
/* End XCBuildConfiguration section */

/* Begin XCConfigurationList section */
		3DD91E6A1B6D267300F11D67 /* Build configuration list for PBXProject "espresso_moments" */ = {
			isa = XCConfigurationList;
			buildConfigurations = (
				3DD91E8F1B6D267300F11D67 /* Debug */,
				3DD91E901B6D267300F11D67 /* Release */,
			);
			defaultConfigurationIsVisible = 0;
			defaultConfigurationName = Release;
		};
		3DD91E911B6D267300F11D67 /* Build configuration list for PBXNativeTarget "espresso_moments" */ = {
			isa = XCConfigurationList;
			buildConfigurations = (
				3DD91E921B6D267300F11D67 /* Debug */,
				3DD91E931B6D267300F11D67 /* Release */,
			);
			defaultConfigurationIsVisible = 0;
		};
		3DD91E941B6D267300F11D67 /* Build configuration list for PBXNativeTarget "espresso_momentsTests" */ = {
			isa = XCConfigurationList;
			buildConfigurations = (
				3DD91E951B6D267300F11D67 /* Debug */,
				3DD91E961B6D267300F11D67 /* Release */,
			);
			defaultConfigurationIsVisible = 0;
		};
/* End XCConfigurationList section */

/* Begin XCVersionGroup section */
		3DD91E761B6D267300F11D67 /* espresso_moments.xcdatamodeld */ = {
			isa = XCVersionGroup;
			children = (
				3DD91E771B6D267300F11D67 /* espresso_moments.xcdatamodel */,
			);
			currentVersion = 3DD91E771B6D267300F11D67 /* espresso_moments.xcdatamodel */;
			path = espresso_moments.xcdatamodeld;
			sourceTree = "<group>";
			versionGroupType = wrapper.xcdatamodel;
		};
/* End XCVersionGroup section */
	};
	rootObject = 3DD91E671B6D267300F11D67 /* Project object */;
}
